
Microsoft Visual Studio Solution File, Format Version 12.00
# Visual Studio Version 17
VisualStudioVersion = 17.11.35208.52
MinimumVisualStudioVersion = 10.0.40219.1
Project("{8BC9CEB8-8B4A-11D0-8D11-00A0C91BC942}") = "DynamicArr", "DynamicArr\DynamicArr.vcxproj", "{6463990E-E31C-4749-980F-24BB8D0FBB93}"
EndProject
Global
	GlobalSection(SolutionConfigurationPlatforms) = preSolution
		Debug|x64 = Debug|x64
		Debug|x86 = Debug|x86
		Release|x64 = Release|x64
		Release|x86 = Release|x86
	EndGlobalSection
	GlobalSection(ProjectConfigurationPlatforms) = postSolution
		{6463990E-E31C-4749-980F-24BB8D0FBB93}.Debug|x64.ActiveCfg = Debug|x64
		{6463990E-E31C-4749-980F-24BB8D0FBB93}.Debug|x64.Build.0 = Debug|x64
		{6463990E-E31C-4749-980F-24BB8D0FBB93}.Debug|x86.ActiveCfg = Debug|Win32
		{6463990E-E31C-4749-980F-24BB8D0FBB93}.Debug|x86.Build.0 = Debug|Win32
		{6463990E-E31C-4749-980F-24BB8D0FBB93}.Release|x64.ActiveCfg = Release|x64
		{6463990E-E31C-4749-980F-24BB8D0FBB93}.Release|x64.Build.0 = Release|x64
		{6463990E-E31C-4749-980F-24BB8D0FBB93}.Release|x86.ActiveCfg = Release|Win32
		{6463990E-E31C-4749-980F-24BB8D0FBB93}.Release|x86.Build.0 = Release|Win32
	EndGlobalSection
	GlobalSection(SolutionProperties) = preSolution
		HideSolutionNode = FALSE
	EndGlobalSection
	GlobalSection(ExtensibilityGlobals) = postSolution
		SolutionGuid = {17103812-76B5-4D54-8CE2-2484EE5ED3B2}
	EndGlobalSection
EndGlobal
